// !$*UTF8*$!
{
	archiveVersion = 1;
	classes = {
	};
	objectVersion = 77;
	objects = {

/* Begin PBXBuildFile section */
		6A34EE752F975CFC00E67D88 /* StoreKit.framework in Frameworks */ = {isa = PBXBuildFile; fileRef = 6A34EE742F975CFC00E67D88 /* StoreKit.framework */; };
/* End PBXBuildFile section */

/* Begin PBXContainerItemProxy section */
		6A3875D22F950BE0009F5550 /* PBXContainerItemProxy */ = {
			isa = PBXContainerItemProxy;
			containerPortal = 6A3875BC2F950BDF009F5550 /* Project object */;
			proxyType = 1;
			remoteGlobalIDString = 6A3875C32F950BDF009F5550;
			remoteInfo = DoseGuard;
		};
		6A3875DC2F950BE0009F5550 /* PBXContainerItemProxy */ = {
			isa = PBXContainerItemProxy;
			containerPortal = 6A3875BC2F950BDF009F5550 /* Project object */;
			proxyType = 1;
			remoteGlobalIDString = 6A3875C32F950BDF009F5550;
			remoteInfo = DoseGuard;
		};
/* End PBXContainerItemProxy section */

/* Begin PBXFileReference section */
		6A34EE742F975CFC00E67D88 /* StoreKit.framework */ = {isa = PBXFileReference; lastKnownFileType = wrapper.framework; name = StoreKit.framework; path = System/Library/Frameworks/StoreKit.framework; sourceTree = SDKROOT; };
		6A3875C42F950BDF009F5550 /* DoseGuard.app */ = {isa = PBXFileReference; explicitFileType = wrapper.application; includeInIndex = 0; path = DoseGuard.app; sourceTree = BUILT_PRODUCTS_DIR; };
		6A3875D12F950BE0009F5550 /* DoseGuardTests.xctest */ = {isa = PBXFileReference; explicitFileType = wrapper.cfbundle; includeInIndex = 0; path = DoseGuardTests.xctest; sourceTree = BUILT_PRODUCTS_DIR; };
		6A3875DB2F950BE0009F5550 /* DoseGuardUITests.xctest */ = {isa = PBXFileReference; explicitFileType = wrapper.cfbundle; includeInIndex = 0; path = DoseGuardUITests.xctest; sourceTree = BUILT_PRODUCTS_DIR; };
/* End PBXFileReference section */

/* Begin PBXFileSystemSynchronizedBuildFileExceptionSet section */
		6A34EE722F975CC700E67D88 /* Exceptions for "DoseGuard" folder in "DoseGuard" target */ = {
			isa = PBXFileSystemSynchronizedBuildFileExceptionSet;
			membershipExceptions = (
				Info.plist,
			);
			target = 6A3875C32F950BDF009F5550 /* DoseGuard */;
		};
/* End PBXFileSystemSynchronizedBuildFileExceptionSet section */

/* Begin PBXFileSystemSynchronizedRootGroup section */
		6A3875C62F950BDF009F5550 /* DoseGuard */ = {
			isa = PBXFileSystemSynchronizedRootGroup;
			exceptions = (
				6A34EE722F975CC700E67D88 /* Exceptions for "DoseGuard" folder in "DoseGuard" target */,
			);
			path = DoseGuard;
			sourceTree = "<group>";
		};
		6A3875D42F950BE0009F5550 /* DoseGuardTests */ = {
			isa = PBXFileSystemSynchronizedRootGroup;
			path = DoseGuardTests;
			sourceTree = "<group>";
		};
		6A3875DE2F950BE0009F5550 /* DoseGuardUITests */ = {
			isa = PBXFileSystemSynchronizedRootGroup;
			path = DoseGuardUITests;
			sourceTree = "<group>";
		};
/* End PBXFileSystemSynchronizedRootGroup section */

/* Begin PBXFrameworksBuildPhase section */
		6A3875C12F950BDF009F5550 /* Frameworks */ = {
			isa = PBXFrameworksBuildPhase;
			buildActionMask = 2147483647;
			files = (
				6A34EE752F975CFC00E67D88 /* StoreKit.framework in Frameworks */,
			);
			runOnlyForDeploymentPostprocessing = 0;
		};
		6A3875CE2F950BE0009F5550 /* Frameworks */ = {
			isa = PBXFrameworksBuildPhase;
			buildActionMask = 2147483647;
			files = (
			);
			runOnlyForDeploymentPostprocessing = 0;
		};
		6A3875D82F950BE0009F5550 /* Frameworks */ = {
			isa = PBXFrameworksBuildPhase;
			buildActionMask = 2147483647;
			files = (
			);
			runOnlyForDeploymentPostprocessing = 0;
		};
/* End PBXFrameworksBuildPhase section */

/* Begin PBXGroup section */
		6A34EE732F975CFC00E67D88 /* Frameworks */ = {
			isa = PBXGroup;
			children = (
				6A34EE742F975CFC00E67D88 /* StoreKit.framework */,
			);
			name = Frameworks;
			sourceTree = "<group>";
		};
		6A3875BB2F950BDF009F5550 = {
			isa = PBXGroup;
			children = (
				6A3875C62F950BDF009F5550 /* DoseGuard */,
				6A3875D42F950BE0009F5550 /* DoseGuardTests */,
				6A3875DE2F950BE0009F5550 /* DoseGuardUITests */,
				6A34EE732F975CFC00E67D88 /* Frameworks */,
				6A3875C52F950BDF009F5550 /* Products */,
			);
			sourceTree = "<group>";
		};
		6A3875C52F950BDF009F5550 /* Products */ = {
			isa = PBXGroup;
			children = (
				6A3875C42F950BDF009F5550 /* DoseGuard.app */,
				6A3875D12F950BE0009F5550 /* DoseGuardTests.xctest */,
				6A3875DB2F950BE0009F5550 /* DoseGuardUITests.xctest */,
			);
			name = Products;
			sourceTree = "<group>";
		};
/* End PBXGroup section */

/* Begin PBXNativeTarget section */
		6A3875C32F950BDF009F5550 /* DoseGuard */ = {
			isa = PBXNativeTarget;
			buildConfigurationList = 6A3875E52F950BE0009F5550 /* Build configuration list for PBXNativeTarget "DoseGuard" */;
			buildPhases = (
				6A3875C02F950BDF009F5550 /* Sources */,
				6A3875C12F950BDF009F5550 /* Frameworks */,
				6A3875C22F950BDF009F5550 /* Resources */,
			);
			buildRules = (
			);
			dependencies = (
			);
			fileSystemSynchronizedGroups = (
				6A3875C62F950BDF009F5550 /* DoseGuard */,
			);
			name = DoseGuard;
			productName = DoseGuard;
			productReference = 6A3875C42F950BDF009F5550 /* DoseGuard.app */;
			productType = "com.apple.product-type.application";
		};
		6A3875D02F950BE0009F5550 /* DoseGuardTests */ = {
			isa = PBXNativeTarget;
			buildConfigurationList = 6A3875E82F950BE0009F5550 /* Build configuration list for PBXNativeTarget "DoseGuardTests" */;
			buildPhases = (
				6A3875CD2F950BE0009F5550 /* Sources */,
				6A3875CE2F950BE0009F5550 /* Frameworks */,
				6A3875CF2F950BE0009F5550 /* Resources */,
			);
			buildRules = (
			);
			dependencies = (
				6A3875D32F950BE0009F5550 /* PBXTargetDependency */,
			);
			fileSystemSynchronizedGroups = (
				6A3875D42F950BE0009F5550 /* DoseGuardTests */,
			);
			name = DoseGuardTests;
			productName = DoseGuardTests;
			productReference = 6A3875D12F950BE0009F5550 /* DoseGuardTests.xctest */;
			productType = "com.apple.product-type.bundle.unit-test";
		};
		6A3875DA2F950BE0009F5550 /* DoseGuardUITests */ = {
			isa = PBXNativeTarget;
			buildConfigurationList = 6A3875EB2F950BE0009F5550 /* Build configuration list for PBXNativeTarget "DoseGuardUITests" */;
			buildPhases = (
				6A3875D72F950BE0009F5550 /* Sources */,
				6A3875D82F950BE0009F5550 /* Frameworks */,
				6A3875D92F950BE0009F5550 /* Resources */,
			);
			buildRules = (
			);
			dependencies = (
				6A3875DD2F950BE0009F5550 /* PBXTargetDependency */,
			);
			fileSystemSynchronizedGroups = (
				6A3875DE2F950BE0009F5550 /* DoseGuardUITests */,
			);
			name = DoseGuardUITests;
			productName = DoseGuardUITests;
			productReference = 6A3875DB2F950BE0009F5550 /* DoseGuardUITests.xctest */;
			productType = "com.apple.product-type.bundle.ui-testing";
		};
/* End PBXNativeTarget section */

/* Begin PBXProject section */
		6A3875BC2F950BDF009F5550 /* Project object */ = {
			isa = PBXProject;
			attributes = {
				BuildIndependentTargetsInParallel = 1;
				LastSwiftUpdateCheck = 1630;
				LastUpgradeCheck = 1630;
				TargetAttributes = {
					6A3875C32F950BDF009F5550 = {
						CreatedOnToolsVersion = 16.3;
					};
					6A3875D02F950BE0009F5550 = {
						CreatedOnToolsVersion = 16.3;
						TestTargetID = 6A3875C32F950BDF009F5550;
					};
					6A3875DA2F950BE0009F5550 = {
						CreatedOnToolsVersion = 16.3;
						TestTargetID = 6A3875C32F950BDF009F5550;
					};
				};
			};
			buildConfigurationList = 6A3875BF2F950BDF009F5550 /* Build configuration list for PBXProject "DoseGuard" */;
			developmentRegion = en;
			hasScannedForEncodings = 0;
			knownRegions = (
				en,
				Base,
			);
			mainGroup = 6A3875BB2F950BDF009F5550;
			minimizedProjectReferenceProxies = 1;
			preferredProjectObjectVersion = 77;
			productRefGroup = 6A3875C52F950BDF009F5550 /* Products */;
			projectDirPath = "";
			projectRoot = "";
			targets = (
				6A3875C32F950BDF009F5550 /* DoseGuard */,
				6A3875D02F950BE0009F5550 /* DoseGuardTests */,
				6A3875DA2F950BE0009F5550 /* DoseGuardUITests */,
			);
		};
/* End PBXProject section */

/* Begin PBXResourcesBuildPhase section */
		6A3875C22F950BDF009F5550 /* Resources */ = {
			isa = PBXResourcesBuildPhase;
			buildActionMask = 2147483647;
			files = (
			);
			runOnlyForDeploymentPostprocessing = 0;
		};
		6A3875CF2F950BE0009F5550 /* Resources */ = {
			isa = PBXResourcesBuildPhase;
			buildActionMask = 2147483647;
			files = (
			);
			runOnlyForDeploymentPostprocessing = 0;
		};
		6A3875D92F950BE0009F5550 /* Resources */ = {
			isa = PBXResourcesBuildPhase;
			buildActionMask = 2147483647;
			files = (
			);
			runOnlyForDeploymentPostprocessing = 0;
		};
/* End PBXResourcesBuildPhase section */

/* Begin PBXSourcesBuildPhase section */
		6A3875C02F950BDF009F5550 /* Sources */ = {
			isa = PBXSourcesBuildPhase;
			buildActionMask = 2147483647;
			files = (
			);
			runOnlyForDeploymentPostprocessing = 0;
		};
		6A3875CD2F950BE0009F5550 /* Sources */ = {
			isa = PBXSourcesBuildPhase;
			buildActionMask = 2147483647;
			files = (
			);
			runOnlyForDeploymentPostprocessing = 0;
		};
		6A3875D72F950BE0009F5550 /* Sources */ = {
			isa = PBXSourcesBuildPhase;
			buildActionMask = 2147483647;
			files = (
			);
			runOnlyForDeploymentPostprocessing = 0;
		};
/* End PBXSourcesBuildPhase section */

/* Begin PBXTargetDependency section */
		6A3875D32F950BE0009F5550 /* PBXTargetDependency */ = {
			isa = PBXTargetDependency;
			target = 6A3875C32F950BDF009F5550 /* DoseGuard */;
			targetProxy = 6A3875D22F950BE0009F5550 /* PBXContainerItemProxy */;
		};
		6A3875DD2F950BE0009F5550 /* PBXTargetDependency */ = {
			isa = PBXTargetDependency;
			target = 6A3875C32F950BDF009F5550 /* DoseGuard */;
			targetProxy = 6A3875DC2F950BE0009F5550 /* PBXContainerItemProxy */;
		};
/* End PBXTargetDependency section */

/* Begin XCBuildConfiguration section */
		6A3875E32F950BE0009F5550 /* Debug */ = {
			isa = XCBuildConfiguration;
			buildSettings = {
				ALWAYS_SEARCH_USER_PATHS = NO;
				ASSETCATALOG_COMPILER_GENERATE_SWIFT_ASSET_SYMBOL_EXTENSIONS = YES;
				CLANG_ANALYZER_NONNULL = YES;
				CLANG_ANALYZER_NUMBER_OBJECT_CONVERSION = YES_AGGRESSIVE;
				CLANG_CXX_LANGUAGE_STANDARD = "gnu++20";
				CLANG_ENABLE_MODULES = YES;
				CLANG_ENABLE_OBJC_ARC = YES;
				CLANG_ENABLE_OBJC_WEAK = YES;
				CLANG_WARN_BLOCK_CAPTURE_AUTORELEASING = YES;
				CLANG_WARN_BOOL_CONVERSION = YES;
				CLANG_WARN_COMMA = YES;
				CLANG_WARN_CONSTANT_CONVERSION = YES;
				CLANG_WARN_DEPRECATED_OBJC_IMPLEMENTATIONS = YES;
				CLANG_WARN_DIRECT_OBJC_ISA_USAGE = YES_ERROR;
				CLANG_WARN_DOCUMENTATION_COMMENTS = YES;
				CLANG_WARN_EMPTY_BODY = YES;
				CLANG_WARN_ENUM_CONVERSION = YES;
				CLANG_WARN_INFINITE_RECURSION = YES;
				CLANG_WARN_INT_CONVERSION = YES;
				CLANG_WARN_NON_LITERAL_NULL_CONVERSION = YES;
				CLANG_WARN_OBJC_IMPLICIT_RETAIN_SELF = YES;
				CLANG_WARN_OBJC_LITERAL_CONVERSION = YES;
				CLANG_WARN_OBJC_ROOT_CLASS = YES_ERROR;
				CLANG_WARN_QUOTED_INCLUDE_IN_FRAMEWORK_HEADER = YES;
				CLANG_WARN_RANGE_LOOP_ANALYSIS = YES;
				CLANG_WARN_STRICT_PROTOTYPES = YES;
				CLANG_WARN_SUSPICIOUS_MOVE = YES;
				CLANG_WARN_UNGUARDED_AVAILABILITY = YES_AGGRESSIVE;
				CLANG_WARN_UNREACHABLE_CODE = YES;
				CLANG_WARN__DUPLICATE_METHOD_MATCH = YES;
				COPY_PHASE_STRIP = NO;
				DEBUG_INFORMATION_FORMAT = dwarf;
				DEVELOPMENT_TEAM = JP4TN5PTS3;
				ENABLE_STRICT_OBJC_MSGSEND = YES;
				ENABLE_TESTABILITY = YES;
				ENABLE_USER_SCRIPT_SANDBOXING = YES;
				GCC_C_LANGUAGE_STANDARD = gnu17;
				GCC_DYNAMIC_NO_PIC = NO;
				GCC_NO_COMMON_BLOCKS = YES;
				GCC_OPTIMIZATION_LEVEL = 0;
				GCC_PREPROCESSOR_DEFINITIONS = (
					"DEBUG=1",
					"$(inherited)",
				);
				GCC_WARN_64_TO_32_BIT_CONVERSION = YES;
				GCC_WARN_ABOUT_RETURN_TYPE = YES_ERROR;
				GCC_WARN_UNDECLARED_SELECTOR = YES;
				GCC_WARN_UNINITIALIZED_AUTOS = YES_AGGRESSIVE;
				GCC_WARN_UNUSED_FUNCTION = YES;
				GCC_WARN_UNUSED_VARIABLE = YES;
				IPHONEOS_DEPLOYMENT_TARGET = 18.4;
				LOCALIZATION_PREFERS_STRING_CATALOGS = YES;
				MTL_ENABLE_DEBUG_INFO = INCLUDE_SOURCE;
				MTL_FAST_MATH = YES;
				ONLY_ACTIVE_ARCH = YES;
				SDKROOT = iphoneos;
				SWIFT_ACTIVE_COMPILATION_CONDITIONS = "DEBUG $(inherited)";
				SWIFT_OPTIMIZATION_LEVEL = "-Onone";
			};
			name = Debug;
		};
		6A3875E42F950BE0009F5550 /* Release */ = {
			isa = XCBuildConfiguration;
			buildSettings = {
				ALWAYS_SEARCH_USER_PATHS = NO;
				ASSETCATALOG_COMPILER_GENERATE_SWIFT_ASSET_SYMBOL_EXTENSIONS = YES;
				CLANG_ANALYZER_NONNULL = YES;
				CLANG_ANALYZER_NUMBER_OBJECT_CONVERSION = YES_AGGRESSIVE;
				CLANG_CXX_LANGUAGE_STANDARD = "gnu++20";
				CLANG_ENABLE_MODULES = YES;
				CLANG_ENABLE_OBJC_ARC = YES;
				CLANG_ENABLE_OBJC_WEAK = YES;
				CLANG_WARN_BLOCK_CAPTURE_AUTORELEASING = YES;
				CLANG_WARN_BOOL_CONVERSION = YES;
				CLANG_WARN_COMMA = YES;
				CLANG_WARN_CONSTANT_CONVERSION = YES;
				CLANG_WARN_DEPRECATED_OBJC_IMPLEMENTATIONS = YES;
				CLANG_WARN_DIRECT_OBJC_ISA_USAGE = YES_ERROR;
				CLANG_WARN_DOCUMENTATION_COMMENTS = YES;
				CLANG_WARN_EMPTY_BODY = YES;
				CLANG_WARN_ENUM_CONVERSION = YES;
				CLANG_WARN_INFINITE_RECURSION = YES;
				CLANG_WARN_INT_CONVERSION = YES;
				CLANG_WARN_NON_LITERAL_NULL_CONVERSION = YES;
				CLANG_WARN_OBJC_IMPLICIT_RETAIN_SELF = YES;
				CLANG_WARN_OBJC_LITERAL_CONVERSION = YES;
				CLANG_WARN_OBJC_ROOT_CLASS = YES_ERROR;
				CLANG_WARN_QUOTED_INCLUDE_IN_FRAMEWORK_HEADER = YES;
				CLANG_WARN_RANGE_LOOP_ANALYSIS = YES;
				CLANG_WARN_STRICT_PROTOTYPES = YES;
				CLANG_WARN_SUSPICIOUS_MOVE = YES;
				CLANG_WARN_UNGUARDED_AVAILABILITY = YES_AGGRESSIVE;
				CLANG_WARN_UNREACHABLE_CODE = YES;
				CLANG_WARN__DUPLICATE_METHOD_MATCH = YES;
				COPY_PHASE_STRIP = NO;
				DEBUG_INFORMATION_FORMAT = "dwarf-with-dsym";
				DEVELOPMENT_TEAM = JP4TN5PTS3;
				ENABLE_NS_ASSERTIONS = NO;
				ENABLE_STRICT_OBJC_MSGSEND = YES;
				ENABLE_USER_SCRIPT_SANDBOXING = YES;
				GCC_C_LANGUAGE_STANDARD = gnu17;
				GCC_NO_COMMON_BLOCKS = YES;
				GCC_WARN_64_TO_32_BIT_CONVERSION = YES;
				GCC_WARN_ABOUT_RETURN_TYPE = YES_ERROR;
				GCC_WARN_UNDECLARED_SELECTOR = YES;
				GCC_WARN_UNINITIALIZED_AUTOS = YES_AGGRESSIVE;
				GCC_WARN_UNUSED_FUNCTION = YES;
				GCC_WARN_UNUSED_VARIABLE = YES;
				IPHONEOS_DEPLOYMENT_TARGET = 18.4;
				LOCALIZATION_PREFERS_STRING_CATALOGS = YES;
				MTL_ENABLE_DEBUG_INFO = NO;
				MTL_FAST_MATH = YES;
				SDKROOT = iphoneos;
				SWIFT_COMPILATION_MODE = wholemodule;
				VALIDATE_PRODUCT = YES;
			};
			name = Release;
		};
		6A3875E62F950BE0009F5550 /* Debug */ = {
			isa = XCBuildConfiguration;
			buildSettings = {
				ASSETCATALOG_COMPILER_APPICON_NAME = AppIcon;
				ASSETCATALOG_COMPILER_GLOBAL_ACCENT_COLOR_NAME = AccentColor;
				CODE_SIGN_ENTITLEMENTS = DoseGuard/DoseGuard.entitlements;
				CODE_SIGN_STYLE = Automatic;
				CURRENT_PROJECT_VERSION = 1;
				DEVELOPMENT_TEAM = JP4TN5PTS3;
				ENABLE_PREVIEWS = YES;
				GENERATE_INFOPLIST_FILE = YES;
				INFOPLIST_FILE = DoseGuard/Info.plist;
				INFOPLIST_KEY_ITSAppUsesNonExemptEncryption = NO;
				INFOPLIST_KEY_NSAppTransportSecurity = "";
				INFOPLIST_KEY_NSAppTransportSecurity_AllowsArbitraryLoads = YES;
				INFOPLIST_KEY_UIApplicationSceneManifest_Generation = YES;
				INFOPLIST_KEY_UIApplicationSupportsIndirectInputEvents = YES;
				INFOPLIST_KEY_UILaunchScreen_Generation = YES;
				INFOPLIST_KEY_UISupportedInterfaceOrientations_iPad = "UIInterfaceOrientationPortrait UIInterfaceOrientationPortraitUpsideDown UIInterfaceOrientationLandscapeLeft UIInterfaceOrientationLandscapeRight";
				INFOPLIST_KEY_UISupportedInterfaceOrientations_iPhone = "UIInterfaceOrientationPortrait UIInterfaceOrientationLandscapeLeft UIInterfaceOrientationLandscapeRight";
				IPHONEOS_DEPLOYMENT_TARGET = 17;
				ITS_APP_USES_NON_EXEMPT_ENCRYPTION = NO;
				LD_RUNPATH_SEARCH_PATHS = (
					"$(inherited)",
					"@executable_path/Frameworks",
				);
				MARKETING_VERSION = 1.0;
				PRODUCT_BUNDLE_IDENTIFIER = com.zzoutuo.DoseGuard;
				PRODUCT_NAME = "$(TARGET_NAME)";
				SWIFT_EMIT_LOC_STRINGS = YES;
				SWIFT_VERSION = 5.0;
				TARGETED_DEVICE_FAMILY = "1,2";
			};
			name = Debug;
		};
		6A3875E72F950BE0009F5550 /* Release */ = {
			isa = XCBuildConfiguration;
			buildSettings = {
				ASSETCATALOG_COMPILER_APPICON_NAME = AppIcon;
				ASSETCATALOG_COMPILER_GLOBAL_ACCENT_COLOR_NAME = AccentColor;
				CODE_SIGN_ENTITLEMENTS = DoseGuard/DoseGuard.entitlements;
				CODE_SIGN_STYLE = Automatic;
				CURRENT_PROJECT_VERSION = 1;
				DEVELOPMENT_TEAM = JP4TN5PTS3;
				ENABLE_PREVIEWS = YES;
				GENERATE_INFOPLIST_FILE = YES;
				INFOPLIST_FILE = DoseGuard/Info.plist;
				INFOPLIST_KEY_ITSAppUsesNonExemptEncryption = NO;
				INFOPLIST_KEY_NSAppTransportSecurity = "";
				INFOPLIST_KEY_NSAppTransportSecurity_AllowsArbitraryLoads = YES;
				INFOPLIST_KEY_UIApplicationSceneManifest_Generation = YES;
				INFOPLIST_KEY_UIApplicationSupportsIndirectInputEvents = YES;
				INFOPLIST_KEY_UILaunchScreen_Generation = YES;
				INFOPLIST_KEY_UISupportedInterfaceOrientations_iPad = "UIInterfaceOrientationPortrait UIInterfaceOrientationPortraitUpsideDown UIInterfaceOrientationLandscapeLeft UIInterfaceOrientationLandscapeRight";
				INFOPLIST_KEY_UISupportedInterfaceOrientations_iPhone = "UIInterfaceOrientationPortrait UIInterfaceOrientationLandscapeLeft UIInterfaceOrientationLandscapeRight";
				IPHONEOS_DEPLOYMENT_TARGET = 17;
				ITS_APP_USES_NON_EXEMPT_ENCRYPTION = NO;
				LD_RUNPATH_SEARCH_PATHS = (
					"$(inherited)",
					"@executable_path/Frameworks",
				);
				MARKETING_VERSION = 1.0;
				PRODUCT_BUNDLE_IDENTIFIER = com.zzoutuo.DoseGuard;
				PRODUCT_NAME = "$(TARGET_NAME)";
				SWIFT_EMIT_LOC_STRINGS = YES;
				SWIFT_VERSION = 5.0;
				TARGETED_DEVICE_FAMILY = "1,2";
			};
			name = Release;
		};
		6A3875E92F950BE0009F5550 /* Debug */ = {
			isa = XCBuildConfiguration;
			buildSettings = {
				BUNDLE_LOADER = "$(TEST_HOST)";
				CODE_SIGN_STYLE = Automatic;
				CURRENT_PROJECT_VERSION = 1;
				DEVELOPMENT_TEAM = JP4TN5PTS3;
				GENERATE_INFOPLIST_FILE = YES;
				IPHONEOS_DEPLOYMENT_TARGET = 18.4;
				MARKETING_VERSION = 1.0;
				PRODUCT_BUNDLE_IDENTIFIER = com.zzoutuo.DoseGuard.DoseGuardTests;
				PRODUCT_NAME = "$(TARGET_NAME)";
				SWIFT_EMIT_LOC_STRINGS = NO;
				SWIFT_VERSION = 5.0;
				TARGETED_DEVICE_FAMILY = "1,2";
				TEST_HOST = "$(BUILT_PRODUCTS_DIR)/DoseGuard.app/$(BUNDLE_EXECUTABLE_FOLDER_PATH)/DoseGuard";
			};
			name = Debug;
		};
		6A3875EA2F950BE0009F5550 /* Release */ = {
			isa = XCBuildConfiguration;
			buildSettings = {
				BUNDLE_LOADER = "$(TEST_HOST)";
				CODE_SIGN_STYLE = Automatic;
				CURRENT_PROJECT_VERSION = 1;
				DEVELOPMENT_TEAM = JP4TN5PTS3;
				GENERATE_INFOPLIST_FILE = YES;
				IPHONEOS_DEPLOYMENT_TARGET = 18.4;
				MARKETING_VERSION = 1.0;
				PRODUCT_BUNDLE_IDENTIFIER = com.zzoutuo.DoseGuard.DoseGuardTests;
				PRODUCT_NAME = "$(TARGET_NAME)";
				SWIFT_EMIT_LOC_STRINGS = NO;
				SWIFT_VERSION = 5.0;
				TARGETED_DEVICE_FAMILY = "1,2";
				TEST_HOST = "$(BUILT_PRODUCTS_DIR)/DoseGuard.app/$(BUNDLE_EXECUTABLE_FOLDER_PATH)/DoseGuard";
			};
			name = Release;
		};
		6A3875EC2F950BE0009F5550 /* Debug */ = {
			isa = XCBuildConfiguration;
			buildSettings = {
				CODE_SIGN_STYLE = Automatic;
				CURRENT_PROJECT_VERSION = 1;
				DEVELOPMENT_TEAM = JP4TN5PTS3;
				GENERATE_INFOPLIST_FILE = YES;
				MARKETING_VERSION = 1.0;
				PRODUCT_BUNDLE_IDENTIFIER = com.zzoutuo.DoseGuard.DoseGuardUITests;
				PRODUCT_NAME = "$(TARGET_NAME)";
				SWIFT_EMIT_LOC_STRINGS = NO;
				SWIFT_VERSION = 5.0;
				TARGETED_DEVICE_FAMILY = "1,2";
				TEST_TARGET_NAME = DoseGuard;
			};
			name = Debug;
		};
		6A3875ED2F950BE0009F5550 /* Release */ = {
			isa = XCBuildConfiguration;
			buildSettings = {
				CODE_SIGN_STYLE = Automatic;
				CURRENT_PROJECT_VERSION = 1;
				DEVELOPMENT_TEAM = JP4TN5PTS3;
				GENERATE_INFOPLIST_FILE = YES;
				MARKETING_VERSION = 1.0;
				PRODUCT_BUNDLE_IDENTIFIER = com.zzoutuo.DoseGuard.DoseGuardUITests;
				PRODUCT_NAME = "$(TARGET_NAME)";
				SWIFT_EMIT_LOC_STRINGS = NO;
				SWIFT_VERSION = 5.0;
				TARGETED_DEVICE_FAMILY = "1,2";
				TEST_TARGET_NAME = DoseGuard;
			};
			name = Release;
		};
/* End XCBuildConfiguration section */

/* Begin XCConfigurationList section */
		6A3875BF2F950BDF009F5550 /* Build configuration list for PBXProject "DoseGuard" */ = {
			isa = XCConfigurationList;
			buildConfigurations = (
				6A3875E32F950BE0009F5550 /* Debug */,
				6A3875E42F950BE0009F5550 /* Release */,
			);
			defaultConfigurationIsVisible = 0;
			defaultConfigurationName = Release;
		};
		6A3875E52F950BE0009F5550 /* Build configuration list for PBXNativeTarget "DoseGuard" */ = {
			isa = XCConfigurationList;
			buildConfigurations = (
				6A3875E62F950BE0009F5550 /* Debug */,
				6A3875E72F950BE0009F5550 /* Release */,
			);
			defaultConfigurationIsVisible = 0;
			defaultConfigurationName = Release;
		};
		6A3875E82F950BE0009F5550 /* Build configuration list for PBXNativeTarget "DoseGuardTests" */ = {
			isa = XCConfigurationList;
			buildConfigurations = (
				6A3875E92F950BE0009F5550 /* Debug */,
				6A3875EA2F950BE0009F5550 /* Release */,
			);
			defaultConfigurationIsVisible = 0;
			defaultConfigurationName = Release;
		};
		6A3875EB2F950BE0009F5550 /* Build configuration list for PBXNativeTarget "DoseGuardUITests" */ = {
			isa = XCConfigurationList;
			buildConfigurations = (
				6A3875EC2F950BE0009F5550 /* Debug */,
				6A3875ED2F950BE0009F5550 /* Release */,
			);
			defaultConfigurationIsVisible = 0;
			defaultConfigurationName = Release;
		};
/* End XCConfigurationList section */
	};
	rootObject = 6A3875BC2F950BDF009F5550 /* Project object */;
}
